// !$*UTF8*$!
{
	archiveVersion = 1;
	classes = {
	};
	objectVersion = 46;
	objects = {

/* Begin PBXBuildFile section */
		8DD76F9A0486AA7600D96B5E /* Knights Tour.m in Sources */ = {isa = PBXBuildFile; fileRef = 08FB7796FE84155DC02AAC07 /* Knights Tour.m */; settings = {ATTRIBUTES = (); }; };
		8DD76F9C0486AA7600D96B5E /* Foundation.framework in Frameworks */ = {isa = PBXBuildFile; fileRef = 08FB779EFE84155DC02AAC07 /* Foundation.framework */; };
		8DD76F9F0486AA7600D96B5E /* Knights Tour.1 in CopyFiles */ = {isa = PBXBuildFile; fileRef = C6859EA3029092ED04C91782 /* Knights Tour.1 */; };
		DA433EDF109780C40011CA77 /* Cocoa.framework in Frameworks */ = {isa = PBXBuildFile; fileRef = DA433EDE109780C40011CA77 /* Cocoa.framework */; };
		DA433EE8109784A80011CA77 /* KTBoard.m in Sources */ = {isa = PBXBuildFile; fileRef = DA433EE7109784A70011CA77 /* KTBoard.m */; };
		DAA25D3310A50A0500573D1A /* FSLibrary.framework in Frameworks */ = {isa = PBXBuildFile; fileRef = DA29693410A1227D00AE9B3C /* FSLibrary.framework */; };
		DAB0A24810A511F6001B2364 /* KTSolver.m in Sources */ = {isa = PBXBuildFile; fileRef = DAB0A24710A511F6001B2364 /* KTSolver.m */; };
		DABAA0F810A69DD8009C794F /* KTThreadController.m in Sources */ = {isa = PBXBuildFile; fileRef = DABAA0F710A69DD8009C794F /* KTThreadController.m */; };
		DABAA11210A6A1EC009C794F /* KTThreadSolver.m in Sources */ = {isa = PBXBuildFile; fileRef = DABAA11110A6A1EC009C794F /* KTThreadSolver.m */; };
/* End PBXBuildFile section */

/* Begin PBXContainerItemProxy section */
		DAA25DEB10A50B5F00573D1A /* PBXContainerItemProxy */ = {
			isa = PBXContainerItemProxy;
			containerPortal = DA296A4E10A1253700AE9B3C /* Library.xcodeproj */;
			proxyType = 2;
			remoteGlobalIDString = DA296832109F86F400AE9B3C;
			remoteInfo = FSLibrary;
		};
		DAA25DED10A50B5F00573D1A /* PBXContainerItemProxy */ = {
			isa = PBXContainerItemProxy;
			containerPortal = DA296A4E10A1253700AE9B3C /* Library.xcodeproj */;
			proxyType = 2;
			remoteGlobalIDString = DA296845109F879A00AE9B3C;
			remoteInfo = "FSLibrary-Incubator";
		};
/* End PBXContainerItemProxy section */

/* Begin PBXCopyFilesBuildPhase section */
		8DD76F9E0486AA7600D96B5E /* CopyFiles */ = {
			isa = PBXCopyFilesBuildPhase;
			buildActionMask = 8;
			dstPath = /usr/share/man/man1/;
			dstSubfolderSpec = 0;
			files = (
				8DD76F9F0486AA7600D96B5E /* Knights Tour.1 in CopyFiles */,
			);
			runOnlyForDeploymentPostprocessing = 1;
		};
/* End PBXCopyFilesBuildPhase section */

/* Begin PBXFileReference section */
		08FB7796FE84155DC02AAC07 /* Knights Tour.m */ = {isa = PBXFileReference; fileEncoding = 4; lastKnownFileType = sourcecode.c.objc; path = "Knights Tour.m"; sourceTree = "<group>"; };
		08FB779EFE84155DC02AAC07 /* Foundation.framework */ = {isa = PBXFileReference; lastKnownFileType = wrapper.framework; name = Foundation.framework; path = /System/Library/Frameworks/Foundation.framework; sourceTree = "<absolute>"; };
		32A70AAB03705E1F00C91783 /* Knights Tour_Prefix.pch */ = {isa = PBXFileReference; fileEncoding = 4; lastKnownFileType = sourcecode.c.h; path = "Knights Tour_Prefix.pch"; sourceTree = "<group>"; };
		8DD76FA10486AA7600D96B5E /* knights-tour */ = {isa = PBXFileReference; explicitFileType = "compiled.mach-o.executable"; includeInIndex = 0; path = "knights-tour"; sourceTree = BUILT_PRODUCTS_DIR; };
		C6859EA3029092ED04C91782 /* Knights Tour.1 */ = {isa = PBXFileReference; lastKnownFileType = text.man; path = "Knights Tour.1"; sourceTree = "<group>"; };
		DA29693410A1227D00AE9B3C /* FSLibrary.framework */ = {isa = PBXFileReference; lastKnownFileType = wrapper.framework; name = FSLibrary.framework; path = /Library/Frameworks/FSLibrary.framework; sourceTree = "<absolute>"; };
		DA296A4E10A1253700AE9B3C /* Library.xcodeproj */ = {isa = PBXFileReference; lastKnownFileType = "wrapper.pb-project"; name = Library.xcodeproj; path = /Users/cmiller/Code/Library/Library.xcodeproj; sourceTree = "<absolute>"; };
		DA433EDE109780C40011CA77 /* Cocoa.framework */ = {isa = PBXFileReference; lastKnownFileType = wrapper.framework; name = Cocoa.framework; path = System/Library/Frameworks/Cocoa.framework; sourceTree = SDKROOT; };
		DA433EE6109784A70011CA77 /* KTBoard.h */ = {isa = PBXFileReference; fileEncoding = 4; lastKnownFileType = sourcecode.c.h; path = KTBoard.h; sourceTree = "<group>"; };
		DA433EE7109784A70011CA77 /* KTBoard.m */ = {isa = PBXFileReference; fileEncoding = 4; lastKnownFileType = sourcecode.c.objc; path = KTBoard.m; sourceTree = "<group>"; };
		DAB0A24610A511F6001B2364 /* KTSolver.h */ = {isa = PBXFileReference; fileEncoding = 4; lastKnownFileType = sourcecode.c.h; path = KTSolver.h; sourceTree = "<group>"; };
		DAB0A24710A511F6001B2364 /* KTSolver.m */ = {isa = PBXFileReference; fileEncoding = 4; lastKnownFileType = sourcecode.c.objc; path = KTSolver.m; sourceTree = "<group>"; };
		DABAA0F610A69DD8009C794F /* KTThreadController.h */ = {isa = PBXFileReference; fileEncoding = 4; lastKnownFileType = sourcecode.c.h; path = KTThreadController.h; sourceTree = "<group>"; };
		DABAA0F710A69DD8009C794F /* KTThreadController.m */ = {isa = PBXFileReference; fileEncoding = 4; lastKnownFileType = sourcecode.c.objc; path = KTThreadController.m; sourceTree = "<group>"; };
		DABAA11010A6A1EC009C794F /* KTThreadSolver.h */ = {isa = PBXFileReference; fileEncoding = 4; lastKnownFileType = sourcecode.c.h; path = KTThreadSolver.h; sourceTree = "<group>"; };
		DABAA11110A6A1EC009C794F /* KTThreadSolver.m */ = {isa = PBXFileReference; fileEncoding = 4; lastKnownFileType = sourcecode.c.objc; path = KTThreadSolver.m; sourceTree = "<group>"; };
/* End PBXFileReference section */

/* Begin PBXFrameworksBuildPhase section */
		8DD76F9B0486AA7600D96B5E /* Frameworks */ = {
			isa = PBXFrameworksBuildPhase;
			buildActionMask = 2147483647;
			files = (
				8DD76F9C0486AA7600D96B5E /* Foundation.framework in Frameworks */,
				DA433EDF109780C40011CA77 /* Cocoa.framework in Frameworks */,
				DAA25D3310A50A0500573D1A /* FSLibrary.framework in Frameworks */,
			);
			runOnlyForDeploymentPostprocessing = 0;
		};
/* End PBXFrameworksBuildPhase section */

/* Begin PBXGroup section */
		08FB7794FE84155DC02AAC07 /* Knights Tour */ = {
			isa = PBXGroup;
			children = (
				DA296A4E10A1253700AE9B3C /* Library.xcodeproj */,
				08FB7795FE84155DC02AAC07 /* Source */,
				C6859EA2029092E104C91782 /* Documentation */,
				08FB779DFE84155DC02AAC07 /* External Frameworks and Libraries */,
				1AB674ADFE9D54B511CA2CBB /* Products */,
			);
			name = "Knights Tour";
			sourceTree = "<group>";
		};
		08FB7795FE84155DC02AAC07 /* Source */ = {
			isa = PBXGroup;
			children = (
				32A70AAB03705E1F00C91783 /* Knights Tour_Prefix.pch */,
				08FB7796FE84155DC02AAC07 /* Knights Tour.m */,
				DA433EE6109784A70011CA77 /* KTBoard.h */,
				DA433EE7109784A70011CA77 /* KTBoard.m */,
				DAB0A24610A511F6001B2364 /* KTSolver.h */,
				DAB0A24710A511F6001B2364 /* KTSolver.m */,
				DABAA0F610A69DD8009C794F /* KTThreadController.h */,
				DABAA0F710A69DD8009C794F /* KTThreadController.m */,
				DABAA11010A6A1EC009C794F /* KTThreadSolver.h */,
				DABAA11110A6A1EC009C794F /* KTThreadSolver.m */,
			);
			name = Source;
			sourceTree = "<group>";
		};
		08FB779DFE84155DC02AAC07 /* External Frameworks and Libraries */ = {
			isa = PBXGroup;
			children = (
				08FB779EFE84155DC02AAC07 /* Foundation.framework */,
				DA433EDE109780C40011CA77 /* Cocoa.framework */,
				DA29693410A1227D00AE9B3C /* FSLibrary.framework */,
			);
			name = "External Frameworks and Libraries";
			sourceTree = "<group>";
		};
		1AB674ADFE9D54B511CA2CBB /* Products */ = {
			isa = PBXGroup;
			children = (
				8DD76FA10486AA7600D96B5E /* knights-tour */,
			);
			name = Products;
			sourceTree = "<group>";
		};
		C6859EA2029092E104C91782 /* Documentation */ = {
			isa = PBXGroup;
			children = (
				C6859EA3029092ED04C91782 /* Knights Tour.1 */,
			);
			name = Documentation;
			sourceTree = "<group>";
		};
		DAA25DE610A50B5F00573D1A /* Products */ = {
			isa = PBXGroup;
			children = (
				DAA25DEC10A50B5F00573D1A /* FSLibrary.framework */,
				DAA25DEE10A50B5F00573D1A /* FSLibrary-Incubator.framework */,
			);
			name = Products;
			sourceTree = "<group>";
		};
/* End PBXGroup section */

/* Begin PBXNativeTarget section */
		8DD76F960486AA7600D96B5E /* Knights Tour */ = {
			isa = PBXNativeTarget;
			buildConfigurationList = 1DEB927408733DD40010E9CD /* Build configuration list for PBXNativeTarget "Knights Tour" */;
			buildPhases = (
				8DD76F990486AA7600D96B5E /* Sources */,
				8DD76F9B0486AA7600D96B5E /* Frameworks */,
				8DD76F9E0486AA7600D96B5E /* CopyFiles */,
			);
			buildRules = (
			);
			dependencies = (
			);
			name = "Knights Tour";
			productInstallPath = "$(HOME)/bin";
			productName = "Knights Tour";
			productReference = 8DD76FA10486AA7600D96B5E /* knights-tour */;
			productType = "com.apple.product-type.tool";
		};
/* End PBXNativeTarget section */

/* Begin PBXProject section */
		08FB7793FE84155DC02AAC07 /* Project object */ = {
			isa = PBXProject;
			attributes = {
				ORGANIZATIONNAME = FSDEV;
			};
			buildConfigurationList = 1DEB927808733DD40010E9CD /* Build configuration list for PBXProject "Knights Tour" */;
			compatibilityVersion = "Xcode 3.2";
			hasScannedForEncodings = 1;
			mainGroup = 08FB7794FE84155DC02AAC07 /* Knights Tour */;
			projectDirPath = "";
			projectReferences = (
				{
					ProductGroup = DAA25DE610A50B5F00573D1A /* Products */;
					ProjectRef = DA296A4E10A1253700AE9B3C /* Library.xcodeproj */;
				},
			);
			projectRoot = "";
			targets = (
				8DD76F960486AA7600D96B5E /* Knights Tour */,
			);
		};
/* End PBXProject section */

/* Begin PBXReferenceProxy section */
		DAA25DEC10A50B5F00573D1A /* FSLibrary.framework */ = {
			isa = PBXReferenceProxy;
			fileType = wrapper.framework;
			path = FSLibrary.framework;
			remoteRef = DAA25DEB10A50B5F00573D1A /* PBXContainerItemProxy */;
			sourceTree = BUILT_PRODUCTS_DIR;
		};
		DAA25DEE10A50B5F00573D1A /* FSLibrary-Incubator.framework */ = {
			isa = PBXReferenceProxy;
			fileType = wrapper.framework;
			path = "FSLibrary-Incubator.framework";
			remoteRef = DAA25DED10A50B5F00573D1A /* PBXContainerItemProxy */;
			sourceTree = BUILT_PRODUCTS_DIR;
		};
/* End PBXReferenceProxy section */

/* Begin PBXSourcesBuildPhase section */
		8DD76F990486AA7600D96B5E /* Sources */ = {
			isa = PBXSourcesBuildPhase;
			buildActionMask = 2147483647;
			files = (
				8DD76F9A0486AA7600D96B5E /* Knights Tour.m in Sources */,
				DA433EE8109784A80011CA77 /* KTBoard.m in Sources */,
				DAB0A24810A511F6001B2364 /* KTSolver.m in Sources */,
				DABAA0F810A69DD8009C794F /* KTThreadController.m in Sources */,
				DABAA11210A6A1EC009C794F /* KTThreadSolver.m in Sources */,
			);
			runOnlyForDeploymentPostprocessing = 0;
		};
/* End PBXSourcesBuildPhase section */

/* Begin XCBuildConfiguration section */
		1DEB927508733DD40010E9CD /* Debug */ = {
			isa = XCBuildConfiguration;
			buildSettings = {
				COPY_PHASE_STRIP = NO;
				GCC_DYNAMIC_NO_PIC = NO;
				GCC_ENABLE_FIX_AND_CONTINUE = YES;
				GCC_MODEL_TUNING = G5;
				GCC_OPTIMIZATION_LEVEL = 0;
				GCC_PRECOMPILE_PREFIX_HEADER = YES;
				GCC_PREFIX_HEADER = "Knights Tour_Prefix.pch";
				INSTALL_PATH = /usr/local/bin;
				PRODUCT_NAME = "knights-tour";
			};
			name = Debug;
		};
		1DEB927608733DD40010E9CD /* Release */ = {
			isa = XCBuildConfiguration;
			buildSettings = {
				DEBUG_INFORMATION_FORMAT = "dwarf-with-dsym";
				GCC_MODEL_TUNING = G5;
				GCC_PRECOMPILE_PREFIX_HEADER = YES;
				GCC_PREFIX_HEADER = "Knights Tour_Prefix.pch";
				INSTALL_PATH = /usr/local/bin;
				PRODUCT_NAME = "knights-tour";
			};
			name = Release;
		};
		1DEB927908733DD40010E9CD /* Debug */ = {
			isa = XCBuildConfiguration;
			buildSettings = {
				ARCHS = "$(ARCHS_STANDARD_32_64_BIT)";
				GCC_C_LANGUAGE_STANDARD = gnu99;
				GCC_ENABLE_OBJC_GC = supported;
				GCC_OPTIMIZATION_LEVEL = 0;
				GCC_VERSION = com.apple.compilers.llvm.clang.1_0;
				GCC_WARN_ABOUT_RETURN_TYPE = YES;
				GCC_WARN_UNUSED_VARIABLE = YES;
				ONLY_ACTIVE_ARCH = YES;
				PREBINDING = NO;
				SDKROOT = macosx10.6;
			};
			name = Debug;
		};
		1DEB927A08733DD40010E9CD /* Release */ = {
			isa = XCBuildConfiguration;
			buildSettings = {
				ARCHS = "$(ARCHS_STANDARD_32_64_BIT)";
				GCC_C_LANGUAGE_STANDARD = gnu99;
				GCC_ENABLE_OBJC_GC = supported;
				GCC_VERSION = com.apple.compilers.llvm.clang.1_0;
				GCC_WARN_ABOUT_RETURN_TYPE = YES;
				GCC_WARN_UNUSED_VARIABLE = YES;
				PREBINDING = NO;
				SDKROOT = macosx10.6;
			};
			name = Release;
		};
/* End XCBuildConfiguration section */

/* Begin XCConfigurationList section */
		1DEB927408733DD40010E9CD /* Build configuration list for PBXNativeTarget "Knights Tour" */ = {
			isa = XCConfigurationList;
			buildConfigurations = (
				1DEB927508733DD40010E9CD /* Debug */,
				1DEB927608733DD40010E9CD /* Release */,
			);
			defaultConfigurationIsVisible = 0;
			defaultConfigurationName = Release;
		};
		1DEB927808733DD40010E9CD /* Build configuration list for PBXProject "Knights Tour" */ = {
			isa = XCConfigurationList;
			buildConfigurations = (
				1DEB927908733DD40010E9CD /* Debug */,
				1DEB927A08733DD40010E9CD /* Release */,
			);
			defaultConfigurationIsVisible = 0;
			defaultConfigurationName = Release;
		};
/* End XCConfigurationList section */
	};
	rootObject = 08FB7793FE84155DC02AAC07 /* Project object */;
}
